
Microsoft Visual Studio Solution File, Format Version 12.00
# Visual Studio Version 17
VisualStudioVersion = 17.10.34607.79
MinimumVisualStudioVersion = 10.0.40219.1
Project("{9A19103F-16F7-4668-BE54-9A1E7A4F7556}") = "Inventai", "Inventai.csproj", "{B99D1F27-CA32-4FE1-94F6-D885EEA6E9B0}"
EndProject
Project("{9A19103F-16F7-4668-BE54-9A1E7A4F7556}") = "InventaiTestApp", "..\InventaiTestApp\InventaiTestApp.csproj", "{9E49EC6A-FA97-46B5-9A2E-5E70B4A7C314}"
EndProject
Project("{FAE04EC0-301F-11D3-BF4B-00C04F79EFBC}") = "TestInventai", "..\TestInventai\TestInventai.csproj", "{A038080F-5543-4628-B3B0-466E8DA2890A}"
EndProject
Project("{FAE04EC0-301F-11D3-BF4B-00C04F79EFBC}") = "InventaiNovel", "..\InventaiNovel\InventaiNovel.csproj", "{57BE607B-58A7-46E0-B9D2-CBF1A035201A}"
EndProject
Project("{FAE04EC0-301F-11D3-BF4B-00C04F79EFBC}") = "InventaiNovelTestApp", "..\InventaiNovelTestApp\InventaiNovelTestApp.csproj", "{B4F8B551-0A13-4BC2-809B-BB1B8F85670D}"
EndProject
Project("{54A90642-561A-4BB1-A94E-469ADEE60C69}") = "web.client", "..\web\web.client\web.client.esproj", "{C782F591-6D2A-03B0-1923-A0153EC2C931}"
EndProject
Project("{FAE04EC0-301F-11D3-BF4B-00C04F79EFBC}") = "web.Server", "..\web\web.Server\web.Server.csproj", "{8C9D9B99-AEE3-44D2-A5EF-2AAACC5AC692}"
EndProject
Global
	GlobalSection(SolutionConfigurationPlatforms) = preSolution
		Debug|Any CPU = Debug|Any CPU
		Release|Any CPU = Release|Any CPU
	EndGlobalSection
	GlobalSection(ProjectConfigurationPlatforms) = postSolution
		{B99D1F27-CA32-4FE1-94F6-D885EEA6E9B0}.Debug|Any CPU.ActiveCfg = Debug|Any CPU
		{B99D1F27-CA32-4FE1-94F6-D885EEA6E9B0}.Debug|Any CPU.Build.0 = Debug|Any CPU
		{B99D1F27-CA32-4FE1-94F6-D885EEA6E9B0}.Release|Any CPU.ActiveCfg = Release|Any CPU
		{B99D1F27-CA32-4FE1-94F6-D885EEA6E9B0}.Release|Any CPU.Build.0 = Release|Any CPU
		{9E49EC6A-FA97-46B5-9A2E-5E70B4A7C314}.Debug|Any CPU.ActiveCfg = Debug|Any CPU
		{9E49EC6A-FA97-46B5-9A2E-5E70B4A7C314}.Debug|Any CPU.Build.0 = Debug|Any CPU
		{9E49EC6A-FA97-46B5-9A2E-5E70B4A7C314}.Release|Any CPU.ActiveCfg = Release|Any CPU
		{9E49EC6A-FA97-46B5-9A2E-5E70B4A7C314}.Release|Any CPU.Build.0 = Release|Any CPU
		{A038080F-5543-4628-B3B0-466E8DA2890A}.Debug|Any CPU.ActiveCfg = Debug|Any CPU
		{A038080F-5543-4628-B3B0-466E8DA2890A}.Debug|Any CPU.Build.0 = Debug|Any CPU
		{A038080F-5543-4628-B3B0-466E8DA2890A}.Release|Any CPU.ActiveCfg = Release|Any CPU
		{A038080F-5543-4628-B3B0-466E8DA2890A}.Release|Any CPU.Build.0 = Release|Any CPU
		{57BE607B-58A7-46E0-B9D2-CBF1A035201A}.Debug|Any CPU.ActiveCfg = Debug|Any CPU
		{57BE607B-58A7-46E0-B9D2-CBF1A035201A}.Debug|Any CPU.Build.0 = Debug|Any CPU
		{57BE607B-58A7-46E0-B9D2-CBF1A035201A}.Release|Any CPU.ActiveCfg = Release|Any CPU
		{57BE607B-58A7-46E0-B9D2-CBF1A035201A}.Release|Any CPU.Build.0 = Release|Any CPU
		{B4F8B551-0A13-4BC2-809B-BB1B8F85670D}.Debug|Any CPU.ActiveCfg = Debug|Any CPU
		{B4F8B551-0A13-4BC2-809B-BB1B8F85670D}.Debug|Any CPU.Build.0 = Debug|Any CPU
		{B4F8B551-0A13-4BC2-809B-BB1B8F85670D}.Release|Any CPU.ActiveCfg = Release|Any CPU
		{B4F8B551-0A13-4BC2-809B-BB1B8F85670D}.Release|Any CPU.Build.0 = Release|Any CPU
		{C782F591-6D2A-03B0-1923-A0153EC2C931}.Debug|Any CPU.ActiveCfg = Debug|Any CPU
		{C782F591-6D2A-03B0-1923-A0153EC2C931}.Debug|Any CPU.Build.0 = Debug|Any CPU
		{C782F591-6D2A-03B0-1923-A0153EC2C931}.Debug|Any CPU.Deploy.0 = Debug|Any CPU
		{C782F591-6D2A-03B0-1923-A0153EC2C931}.Release|Any CPU.ActiveCfg = Release|Any CPU
		{C782F591-6D2A-03B0-1923-A0153EC2C931}.Release|Any CPU.Build.0 = Release|Any CPU
		{C782F591-6D2A-03B0-1923-A0153EC2C931}.Release|Any CPU.Deploy.0 = Release|Any CPU
		{8C9D9B99-AEE3-44D2-A5EF-2AAACC5AC692}.Debug|Any CPU.ActiveCfg = Debug|Any CPU
		{8C9D9B99-AEE3-44D2-A5EF-2AAACC5AC692}.Debug|Any CPU.Build.0 = Debug|Any CPU
		{8C9D9B99-AEE3-44D2-A5EF-2AAACC5AC692}.Release|Any CPU.ActiveCfg = Release|Any CPU
		{8C9D9B99-AEE3-44D2-A5EF-2AAACC5AC692}.Release|Any CPU.Build.0 = Release|Any CPU
	EndGlobalSection
	GlobalSection(SolutionProperties) = preSolution
		HideSolutionNode = FALSE
	EndGlobalSection
	GlobalSection(ExtensibilityGlobals) = postSolution
		SolutionGuid = {8B03F428-2C0D-4922-A274-B070A428D2D6}
	EndGlobalSection
EndGlobal
